// !$*UTF8*$!
{
	archiveVersion = 1;
	classes = {
	};
	objectVersion = 56;
	objects = {

/* Begin PBXBuildFile section */
		B50F43EA2CD87180006F4148 /* PlayerScoreView.swift in Sources */ = {isa = PBXBuildFile; fileRef = B50F43E92CD87180006F4148 /* PlayerScoreView.swift */; };
		B50F43EC2CD875A1006F4148 /* ScoresViewState.swift in Sources */ = {isa = PBXBuildFile; fileRef = B50F43EB2CD875A1006F4148 /* ScoresViewState.swift */; };
		B50F43F12CD87ECA006F4148 /* PrimaryButton.swift in Sources */ = {isa = PBXBuildFile; fileRef = B50F43F02CD87ECA006F4148 /* PrimaryButton.swift */; };
		B50F43F32CD88788006F4148 /* CustomViewModifiers.swift in Sources */ = {isa = PBXBuildFile; fileRef = B50F43F22CD88780006F4148 /* CustomViewModifiers.swift */; };
		B50F43F52CD89A8D006F4148 /* AnswerModel.swift in Sources */ = {isa = PBXBuildFile; fileRef = B50F43F42CD89A8A006F4148 /* AnswerModel.swift */; };
		B50F43F72CD8A0A9006F4148 /* TimeIsUpView.swift in Sources */ = {isa = PBXBuildFile; fileRef = B50F43F62CD8A0A9006F4148 /* TimeIsUpView.swift */; };
		B560A1112C9523D6006CC45F /* QuestionnaireModel.swift in Sources */ = {isa = PBXBuildFile; fileRef = B560A1102C9523D6006CC45F /* QuestionnaireModel.swift */; };
		B5B15FFD2CD73741002D3659 /* WrongAnswerView.swift in Sources */ = {isa = PBXBuildFile; fileRef = B5B15FFC2CD73741002D3659 /* WrongAnswerView.swift */; };
		B5B160012CD73F96002D3659 /* LoadingView.swift in Sources */ = {isa = PBXBuildFile; fileRef = B5B160002CD73F96002D3659 /* LoadingView.swift */; };
		B5B160032CD74CFB002D3659 /* ScoresView.swift in Sources */ = {isa = PBXBuildFile; fileRef = B5B160022CD74CFB002D3659 /* ScoresView.swift */; };
		B5B160062CD75A40002D3659 /* QuestionnaireViewModelError.swift in Sources */ = {isa = PBXBuildFile; fileRef = B5B160052CD75A40002D3659 /* QuestionnaireViewModelError.swift */; };
		B5B160092CD75A5F002D3659 /* QuestionnaireViewState.swift in Sources */ = {isa = PBXBuildFile; fileRef = B5B160082CD75A5F002D3659 /* QuestionnaireViewState.swift */; };
		B5B1600C2CD75B71002D3659 /* HighestScoresView.swift in Sources */ = {isa = PBXBuildFile; fileRef = B5B1600B2CD75B71002D3659 /* HighestScoresView.swift */; };
		B5B1600E2CD75C2A002D3659 /* PlayerScoreModel.swift in Sources */ = {isa = PBXBuildFile; fileRef = B5B1600D2CD75C2A002D3659 /* PlayerScoreModel.swift */; };
		B5B160102CD7DC2F002D3659 /* ScoreService.swift in Sources */ = {isa = PBXBuildFile; fileRef = B5B1600F2CD7DC2F002D3659 /* ScoreService.swift */; };
		B5B160122CD856D4002D3659 /* ScoresViewModel.swift in Sources */ = {isa = PBXBuildFile; fileRef = B5B160112CD856D4002D3659 /* ScoresViewModel.swift */; };
		B5BB9AA42CD574D8000C284C /* ErrorView.swift in Sources */ = {isa = PBXBuildFile; fileRef = B5BB9AA32CD574D8000C284C /* ErrorView.swift */; };
		B5D47B492CC8463600AAC9EE /* TimerViewModel.swift in Sources */ = {isa = PBXBuildFile; fileRef = B5D47B482CC8463600AAC9EE /* TimerViewModel.swift */; };
		B5D47B4B2CC8485900AAC9EE /* TimerView.swift in Sources */ = {isa = PBXBuildFile; fileRef = B5D47B4A2CC8485900AAC9EE /* TimerView.swift */; };
		B5F6008B2C82B826006EBCFB /* CorrectAnswerView.swift in Sources */ = {isa = PBXBuildFile; fileRef = B5F6008A2C82B826006EBCFB /* CorrectAnswerView.swift */; };
		B5F6008D2C82BA23006EBCFB /* CustomImage.swift in Sources */ = {isa = PBXBuildFile; fileRef = B5F6008C2C82BA23006EBCFB /* CustomImage.swift */; };
		C70904F52B96BC0500CAB49F /* ScottPilgrimQuizApp.swift in Sources */ = {isa = PBXBuildFile; fileRef = C70904F42B96BC0500CAB49F /* ScottPilgrimQuizApp.swift */; };
		C70904F92B96BC0700CAB49F /* Assets.xcassets in Resources */ = {isa = PBXBuildFile; fileRef = C70904F82B96BC0700CAB49F /* Assets.xcassets */; };
		C70904FC2B96BC0700CAB49F /* Preview Assets.xcassets in Resources */ = {isa = PBXBuildFile; fileRef = C70904FB2B96BC0700CAB49F /* Preview Assets.xcassets */; };
		C70905042B96C04000CAB49F /* ScottPilgrimQuizJsonResponse.json in Resources */ = {isa = PBXBuildFile; fileRef = C70905032B96C04000CAB49F /* ScottPilgrimQuizJsonResponse.json */; };
		C70905072B96C87200CAB49F /* QuestionModel.swift in Sources */ = {isa = PBXBuildFile; fileRef = C70905062B96C87200CAB49F /* QuestionModel.swift */; };
		C709050A2B96C97800CAB49F /* QuestionnaireViewModel.swift in Sources */ = {isa = PBXBuildFile; fileRef = C70905092B96C97800CAB49F /* QuestionnaireViewModel.swift */; };
		C709050D2B96CA9100CAB49F /* QuestionService.swift in Sources */ = {isa = PBXBuildFile; fileRef = C709050C2B96CA9100CAB49F /* QuestionService.swift */; };
		C709050F2B96CB2500CAB49F /* ServiceError.swift in Sources */ = {isa = PBXBuildFile; fileRef = C709050E2B96CB2500CAB49F /* ServiceError.swift */; };
		C70905122B96D22400CAB49F /* QuestionnaireView.swift in Sources */ = {isa = PBXBuildFile; fileRef = C70905112B96D22400CAB49F /* QuestionnaireView.swift */; };
		C70905142B96D32300CAB49F /* QuestionView.swift in Sources */ = {isa = PBXBuildFile; fileRef = C70905132B96D32300CAB49F /* QuestionView.swift */; };
		C79E2CDB2B9951CC00E9395E /* CustomFont.swift in Sources */ = {isa = PBXBuildFile; fileRef = C79E2CDA2B9951CC00E9395E /* CustomFont.swift */; };
		C79E2CE32B995B1900E9395E /* CustomColor.swift in Sources */ = {isa = PBXBuildFile; fileRef = C79E2CE22B995B1900E9395E /* CustomColor.swift */; };
		C79E2CE52B995ECD00E9395E /* LayoutMultiplier.swift in Sources */ = {isa = PBXBuildFile; fileRef = C79E2CE42B995ECD00E9395E /* LayoutMultiplier.swift */; };
		C79E2CE72B995FBD00E9395E /* KarmaticArcade.ttf in Resources */ = {isa = PBXBuildFile; fileRef = C79E2CE62B995FBD00E9395E /* KarmaticArcade.ttf */; };
		C79E2CE92B99650C00E9395E /* Montserrat-Medium.ttf in Resources */ = {isa = PBXBuildFile; fileRef = C79E2CE82B99650B00E9395E /* Montserrat-Medium.ttf */; };
		C79E2CEB2B9967C200E9395E /* Montserrat-Bold.ttf in Resources */ = {isa = PBXBuildFile; fileRef = C79E2CEA2B9967C200E9395E /* Montserrat-Bold.ttf */; };
/* End PBXBuildFile section */

/* Begin PBXFileReference section */
		B50F43E92CD87180006F4148 /* PlayerScoreView.swift */ = {isa = PBXFileReference; lastKnownFileType = sourcecode.swift; path = PlayerScoreView.swift; sourceTree = "<group>"; };
		B50F43EB2CD875A1006F4148 /* ScoresViewState.swift */ = {isa = PBXFileReference; lastKnownFileType = sourcecode.swift; path = ScoresViewState.swift; sourceTree = "<group>"; };
		B50F43F02CD87ECA006F4148 /* PrimaryButton.swift */ = {isa = PBXFileReference; lastKnownFileType = sourcecode.swift; path = PrimaryButton.swift; sourceTree = "<group>"; };
		B50F43F22CD88780006F4148 /* CustomViewModifiers.swift */ = {isa = PBXFileReference; lastKnownFileType = sourcecode.swift; path = CustomViewModifiers.swift; sourceTree = "<group>"; };
		B50F43F42CD89A8A006F4148 /* AnswerModel.swift */ = {isa = PBXFileReference; lastKnownFileType = sourcecode.swift; path = AnswerModel.swift; sourceTree = "<group>"; };
		B50F43F62CD8A0A9006F4148 /* TimeIsUpView.swift */ = {isa = PBXFileReference; lastKnownFileType = sourcecode.swift; path = TimeIsUpView.swift; sourceTree = "<group>"; };
		B560A1102C9523D6006CC45F /* QuestionnaireModel.swift */ = {isa = PBXFileReference; lastKnownFileType = sourcecode.swift; path = QuestionnaireModel.swift; sourceTree = "<group>"; };
		B5B15FFC2CD73741002D3659 /* WrongAnswerView.swift */ = {isa = PBXFileReference; lastKnownFileType = sourcecode.swift; path = WrongAnswerView.swift; sourceTree = "<group>"; };
		B5B160002CD73F96002D3659 /* LoadingView.swift */ = {isa = PBXFileReference; lastKnownFileType = sourcecode.swift; path = LoadingView.swift; sourceTree = "<group>"; };
		B5B160022CD74CFB002D3659 /* ScoresView.swift */ = {isa = PBXFileReference; lastKnownFileType = sourcecode.swift; path = ScoresView.swift; sourceTree = "<group>"; };
		B5B160052CD75A40002D3659 /* QuestionnaireViewModelError.swift */ = {isa = PBXFileReference; lastKnownFileType = sourcecode.swift; path = QuestionnaireViewModelError.swift; sourceTree = "<group>"; };
		B5B160082CD75A5F002D3659 /* QuestionnaireViewState.swift */ = {isa = PBXFileReference; lastKnownFileType = sourcecode.swift; path = QuestionnaireViewState.swift; sourceTree = "<group>"; };
		B5B1600B2CD75B71002D3659 /* HighestScoresView.swift */ = {isa = PBXFileReference; lastKnownFileType = sourcecode.swift; path = HighestScoresView.swift; sourceTree = "<group>"; };
		B5B1600D2CD75C2A002D3659 /* PlayerScoreModel.swift */ = {isa = PBXFileReference; lastKnownFileType = sourcecode.swift; path = PlayerScoreModel.swift; sourceTree = "<group>"; };
		B5B1600F2CD7DC2F002D3659 /* ScoreService.swift */ = {isa = PBXFileReference; lastKnownFileType = sourcecode.swift; path = ScoreService.swift; sourceTree = "<group>"; };
		B5B160112CD856D4002D3659 /* ScoresViewModel.swift */ = {isa = PBXFileReference; lastKnownFileType = sourcecode.swift; path = ScoresViewModel.swift; sourceTree = "<group>"; };
		B5BB9AA32CD574D8000C284C /* ErrorView.swift */ = {isa = PBXFileReference; lastKnownFileType = sourcecode.swift; path = ErrorView.swift; sourceTree = "<group>"; };
		B5D47B482CC8463600AAC9EE /* TimerViewModel.swift */ = {isa = PBXFileReference; lastKnownFileType = sourcecode.swift; path = TimerViewModel.swift; sourceTree = "<group>"; };
		B5D47B4A2CC8485900AAC9EE /* TimerView.swift */ = {isa = PBXFileReference; lastKnownFileType = sourcecode.swift; path = TimerView.swift; sourceTree = "<group>"; };
		B5F6008A2C82B826006EBCFB /* CorrectAnswerView.swift */ = {isa = PBXFileReference; lastKnownFileType = sourcecode.swift; path = CorrectAnswerView.swift; sourceTree = "<group>"; };
		B5F6008C2C82BA23006EBCFB /* CustomImage.swift */ = {isa = PBXFileReference; lastKnownFileType = sourcecode.swift; path = CustomImage.swift; sourceTree = "<group>"; };
		C70904F12B96BC0500CAB49F /* ScottPilgrimQuiz.app */ = {isa = PBXFileReference; explicitFileType = wrapper.application; includeInIndex = 0; path = ScottPilgrimQuiz.app; sourceTree = BUILT_PRODUCTS_DIR; };
		C70904F42B96BC0500CAB49F /* ScottPilgrimQuizApp.swift */ = {isa = PBXFileReference; lastKnownFileType = sourcecode.swift; path = ScottPilgrimQuizApp.swift; sourceTree = "<group>"; };
		C70904F82B96BC0700CAB49F /* Assets.xcassets */ = {isa = PBXFileReference; lastKnownFileType = folder.assetcatalog; path = Assets.xcassets; sourceTree = "<group>"; };
		C70904FB2B96BC0700CAB49F /* Preview Assets.xcassets */ = {isa = PBXFileReference; lastKnownFileType = folder.assetcatalog; path = "Preview Assets.xcassets"; sourceTree = "<group>"; };
		C70905032B96C04000CAB49F /* ScottPilgrimQuizJsonResponse.json */ = {isa = PBXFileReference; fileEncoding = 4; lastKnownFileType = text.json; path = ScottPilgrimQuizJsonResponse.json; sourceTree = "<group>"; };
		C70905062B96C87200CAB49F /* QuestionModel.swift */ = {isa = PBXFileReference; lastKnownFileType = sourcecode.swift; path = QuestionModel.swift; sourceTree = "<group>"; };
		C70905092B96C97800CAB49F /* QuestionnaireViewModel.swift */ = {isa = PBXFileReference; lastKnownFileType = sourcecode.swift; path = QuestionnaireViewModel.swift; sourceTree = "<group>"; };
		C709050C2B96CA9100CAB49F /* QuestionService.swift */ = {isa = PBXFileReference; lastKnownFileType = sourcecode.swift; path = QuestionService.swift; sourceTree = "<group>"; };
		C709050E2B96CB2500CAB49F /* ServiceError.swift */ = {isa = PBXFileReference; lastKnownFileType = sourcecode.swift; path = ServiceError.swift; sourceTree = "<group>"; };
		C70905112B96D22400CAB49F /* QuestionnaireView.swift */ = {isa = PBXFileReference; lastKnownFileType = sourcecode.swift; path = QuestionnaireView.swift; sourceTree = "<group>"; };
		C70905132B96D32300CAB49F /* QuestionView.swift */ = {isa = PBXFileReference; lastKnownFileType = sourcecode.swift; path = QuestionView.swift; sourceTree = "<group>"; };
		C79E2CDA2B9951CC00E9395E /* CustomFont.swift */ = {isa = PBXFileReference; lastKnownFileType = sourcecode.swift; path = CustomFont.swift; sourceTree = "<group>"; };
		C79E2CDF2B99579400E9395E /* Info.plist */ = {isa = PBXFileReference; lastKnownFileType = text.plist; path = Info.plist; sourceTree = "<group>"; };
		C79E2CE22B995B1900E9395E /* CustomColor.swift */ = {isa = PBXFileReference; lastKnownFileType = sourcecode.swift; path = CustomColor.swift; sourceTree = "<group>"; };
		C79E2CE42B995ECD00E9395E /* LayoutMultiplier.swift */ = {isa = PBXFileReference; lastKnownFileType = sourcecode.swift; path = LayoutMultiplier.swift; sourceTree = "<group>"; };
		C79E2CE62B995FBD00E9395E /* KarmaticArcade.ttf */ = {isa = PBXFileReference; lastKnownFileType = file; path = KarmaticArcade.ttf; sourceTree = "<group>"; };
		C79E2CE82B99650B00E9395E /* Montserrat-Medium.ttf */ = {isa = PBXFileReference; lastKnownFileType = file; path = "Montserrat-Medium.ttf"; sourceTree = "<group>"; };
		C79E2CEA2B9967C200E9395E /* Montserrat-Bold.ttf */ = {isa = PBXFileReference; lastKnownFileType = file; path = "Montserrat-Bold.ttf"; sourceTree = "<group>"; };
/* End PBXFileReference section */

/* Begin PBXFrameworksBuildPhase section */
		C70904EE2B96BC0500CAB49F /* Frameworks */ = {
			isa = PBXFrameworksBuildPhase;
			buildActionMask = 2147483647;
			files = (
			);
			runOnlyForDeploymentPostprocessing = 0;
		};
/* End PBXFrameworksBuildPhase section */

/* Begin PBXGroup section */
		B50F43ED2CD87B82006F4148 /* Questionnaire */ = {
			isa = PBXGroup;
			children = (
				B5F6008A2C82B826006EBCFB /* CorrectAnswerView.swift */,
				C70905112B96D22400CAB49F /* QuestionnaireView.swift */,
				C70905132B96D32300CAB49F /* QuestionView.swift */,
				B50F43F62CD8A0A9006F4148 /* TimeIsUpView.swift */,
				B5D47B4A2CC8485900AAC9EE /* TimerView.swift */,
				B5B15FFC2CD73741002D3659 /* WrongAnswerView.swift */,
			);
			path = Questionnaire;
			sourceTree = "<group>";
		};
		B50F43EE2CD87B98006F4148 /* Scores */ = {
			isa = PBXGroup;
			children = (
				B5B1600B2CD75B71002D3659 /* HighestScoresView.swift */,
				B50F43E92CD87180006F4148 /* PlayerScoreView.swift */,
				B5B160022CD74CFB002D3659 /* ScoresView.swift */,
			);
			path = Scores;
			sourceTree = "<group>";
		};
		B50F43EF2CD87EB2006F4148 /* DesignComponents */ = {
			isa = PBXGroup;
			children = (
				B50F43F02CD87ECA006F4148 /* PrimaryButton.swift */,
			);
			path = DesignComponents;
			sourceTree = "<group>";
		};
		B567CA702C63048C009543CE /* Views */ = {
			isa = PBXGroup;
			children = (
				B50F43EF2CD87EB2006F4148 /* DesignComponents */,
				B5BB9AA32CD574D8000C284C /* ErrorView.swift */,
				B5B160002CD73F96002D3659 /* LoadingView.swift */,
				B50F43ED2CD87B82006F4148 /* Questionnaire */,
				B50F43EE2CD87B98006F4148 /* Scores */,
			);
			path = Views;
			sourceTree = "<group>";
		};
		B5B160042CD75A2A002D3659 /* Errors */ = {
			isa = PBXGroup;
			children = (
				C709050E2B96CB2500CAB49F /* ServiceError.swift */,
			);
			path = Errors;
			sourceTree = "<group>";
		};
		B5B160072CD75A51002D3659 /* Errors */ = {
			isa = PBXGroup;
			children = (
				B5B160052CD75A40002D3659 /* QuestionnaireViewModelError.swift */,
			);
			path = Errors;
			sourceTree = "<group>";
		};
		B5B1600A2CD75A6B002D3659 /* ViewStates */ = {
			isa = PBXGroup;
			children = (
				B5B160082CD75A5F002D3659 /* QuestionnaireViewState.swift */,
				B50F43EB2CD875A1006F4148 /* ScoresViewState.swift */,
			);
			path = ViewStates;
			sourceTree = "<group>";
		};
		C70904E82B96BC0500CAB49F = {
			isa = PBXGroup;
			children = (
				C70904F22B96BC0500CAB49F /* Products */,
				C70904F32B96BC0500CAB49F /* ScottPilgrimQuiz */,
			);
			sourceTree = "<group>";
		};
		C70904F22B96BC0500CAB49F /* Products */ = {
			isa = PBXGroup;
			children = (
				C70904F12B96BC0500CAB49F /* ScottPilgrimQuiz.app */,
			);
			name = Products;
			sourceTree = "<group>";
		};
		C70904F32B96BC0500CAB49F /* ScottPilgrimQuiz */ = {
			isa = PBXGroup;
			children = (
				C79E2CDF2B99579400E9395E /* Info.plist */,
				C70905052B96C86000CAB49F /* Models */,
				C70905102B96D1EE00CAB49F /* Presentation */,
				C70904FA2B96BC0700CAB49F /* Preview Content */,
				C70904F42B96BC0500CAB49F /* ScottPilgrimQuizApp.swift */,
				C709050B2B96CA7B00CAB49F /* Services */,
			);
			path = ScottPilgrimQuiz;
			sourceTree = "<group>";
		};
		C70904FA2B96BC0700CAB49F /* Preview Content */ = {
			isa = PBXGroup;
			children = (
				C70904FB2B96BC0700CAB49F /* Preview Assets.xcassets */,
			);
			path = "Preview Content";
			sourceTree = "<group>";
		};
		C70905022B96BFA400CAB49F /* Resources */ = {
			isa = PBXGroup;
			children = (
				C70904F82B96BC0700CAB49F /* Assets.xcassets */,
				C79E2CE22B995B1900E9395E /* CustomColor.swift */,
				C79E2CDA2B9951CC00E9395E /* CustomFont.swift */,
				B5F6008C2C82BA23006EBCFB /* CustomImage.swift */,
				B50F43F22CD88780006F4148 /* CustomViewModifiers.swift */,
				C79E2CDC2B99558700E9395E /* Font */,
				C79E2CE42B995ECD00E9395E /* LayoutMultiplier.swift */,
				C70905032B96C04000CAB49F /* ScottPilgrimQuizJsonResponse.json */,
			);
			path = Resources;
			sourceTree = "<group>";
		};
		C70905052B96C86000CAB49F /* Models */ = {
			isa = PBXGroup;
			children = (
				B50F43F42CD89A8A006F4148 /* AnswerModel.swift */,
				B5B1600D2CD75C2A002D3659 /* PlayerScoreModel.swift */,
				C70905062B96C87200CAB49F /* QuestionModel.swift */,
				B560A1102C9523D6006CC45F /* QuestionnaireModel.swift */,
				B5D47B482CC8463600AAC9EE /* TimerViewModel.swift */,
			);
			path = Models;
			sourceTree = "<group>";
		};
		C70905082B96C91000CAB49F /* ViewModels */ = {
			isa = PBXGroup;
			children = (
				C70905092B96C97800CAB49F /* QuestionnaireViewModel.swift */,
				B5B160112CD856D4002D3659 /* ScoresViewModel.swift */,
			);
			path = ViewModels;
			sourceTree = "<group>";
		};
		C709050B2B96CA7B00CAB49F /* Services */ = {
			isa = PBXGroup;
			children = (
				B5B160042CD75A2A002D3659 /* Errors */,
				C709050C2B96CA9100CAB49F /* QuestionService.swift */,
				B5B1600F2CD7DC2F002D3659 /* ScoreService.swift */,
			);
			path = Services;
			sourceTree = "<group>";
		};
		C70905102B96D1EE00CAB49F /* Presentation */ = {
			isa = PBXGroup;
			children = (
				B5B160072CD75A51002D3659 /* Errors */,
				C70905022B96BFA400CAB49F /* Resources */,
				C70905082B96C91000CAB49F /* ViewModels */,
				B567CA702C63048C009543CE /* Views */,
				B5B1600A2CD75A6B002D3659 /* ViewStates */,
			);
			path = Presentation;
			sourceTree = "<group>";
		};
		C79E2CDC2B99558700E9395E /* Font */ = {
			isa = PBXGroup;
			children = (
				C79E2CE62B995FBD00E9395E /* KarmaticArcade.ttf */,
				C79E2CEA2B9967C200E9395E /* Montserrat-Bold.ttf */,
				C79E2CE82B99650B00E9395E /* Montserrat-Medium.ttf */,
			);
			path = Font;
			sourceTree = "<group>";
		};
/* End PBXGroup section */

/* Begin PBXNativeTarget section */
		C70904F02B96BC0500CAB49F /* ScottPilgrimQuiz */ = {
			isa = PBXNativeTarget;
			buildConfigurationList = C70904FF2B96BC0700CAB49F /* Build configuration list for PBXNativeTarget "ScottPilgrimQuiz" */;
			buildPhases = (
				C70904ED2B96BC0500CAB49F /* Sources */,
				C70904EE2B96BC0500CAB49F /* Frameworks */,
				C70904EF2B96BC0500CAB49F /* Resources */,
			);
			buildRules = (
			);
			dependencies = (
			);
			name = ScottPilgrimQuiz;
			productName = ScottPilgrimQuiz;
			productReference = C70904F12B96BC0500CAB49F /* ScottPilgrimQuiz.app */;
			productType = "com.apple.product-type.application";
		};
/* End PBXNativeTarget section */

/* Begin PBXProject section */
		C70904E92B96BC0500CAB49F /* Project object */ = {
			isa = PBXProject;
			attributes = {
				BuildIndependentTargetsInParallel = 1;
				LastSwiftUpdateCheck = 1520;
				LastUpgradeCheck = 1520;
				TargetAttributes = {
					C70904F02B96BC0500CAB49F = {
						CreatedOnToolsVersion = 15.2;
					};
				};
			};
			buildConfigurationList = C70904EC2B96BC0500CAB49F /* Build configuration list for PBXProject "ScottPilgrimQuiz" */;
			compatibilityVersion = "Xcode 14.0";
			developmentRegion = en;
			hasScannedForEncodings = 0;
			knownRegions = (
				en,
				Base,
			);
			mainGroup = C70904E82B96BC0500CAB49F;
			productRefGroup = C70904F22B96BC0500CAB49F /* Products */;
			projectDirPath = "";
			projectRoot = "";
			targets = (
				C70904F02B96BC0500CAB49F /* ScottPilgrimQuiz */,
			);
		};
/* End PBXProject section */

/* Begin PBXResourcesBuildPhase section */
		C70904EF2B96BC0500CAB49F /* Resources */ = {
			isa = PBXResourcesBuildPhase;
			buildActionMask = 2147483647;
			files = (
				C79E2CE72B995FBD00E9395E /* KarmaticArcade.ttf in Resources */,
				C70904FC2B96BC0700CAB49F /* Preview Assets.xcassets in Resources */,
				C79E2CE92B99650C00E9395E /* Montserrat-Medium.ttf in Resources */,
				C79E2CEB2B9967C200E9395E /* Montserrat-Bold.ttf in Resources */,
				C70905042B96C04000CAB49F /* ScottPilgrimQuizJsonResponse.json in Resources */,
				C70904F92B96BC0700CAB49F /* Assets.xcassets in Resources */,
			);
			runOnlyForDeploymentPostprocessing = 0;
		};
/* End PBXResourcesBuildPhase section */

/* Begin PBXSourcesBuildPhase section */
		C70904ED2B96BC0500CAB49F /* Sources */ = {
			isa = PBXSourcesBuildPhase;
			buildActionMask = 2147483647;
			files = (
				B5B160122CD856D4002D3659 /* ScoresViewModel.swift in Sources */,
				B5D47B4B2CC8485900AAC9EE /* TimerView.swift in Sources */,
				B50F43F32CD88788006F4148 /* CustomViewModifiers.swift in Sources */,
				B50F43EA2CD87180006F4148 /* PlayerScoreView.swift in Sources */,
				C70905072B96C87200CAB49F /* QuestionModel.swift in Sources */,
				B5B160092CD75A5F002D3659 /* QuestionnaireViewState.swift in Sources */,
				C709050F2B96CB2500CAB49F /* ServiceError.swift in Sources */,
				B5B160062CD75A40002D3659 /* QuestionnaireViewModelError.swift in Sources */,
				B5F6008D2C82BA23006EBCFB /* CustomImage.swift in Sources */,
				B560A1112C9523D6006CC45F /* QuestionnaireModel.swift in Sources */,
				C79E2CE32B995B1900E9395E /* CustomColor.swift in Sources */,
				C709050D2B96CA9100CAB49F /* QuestionService.swift in Sources */,
				C79E2CDB2B9951CC00E9395E /* CustomFont.swift in Sources */,
				B5B1600E2CD75C2A002D3659 /* PlayerScoreModel.swift in Sources */,
				B5B160032CD74CFB002D3659 /* ScoresView.swift in Sources */,
				B50F43F52CD89A8D006F4148 /* AnswerModel.swift in Sources */,
				C70905142B96D32300CAB49F /* QuestionView.swift in Sources */,
				C70905122B96D22400CAB49F /* QuestionnaireView.swift in Sources */,
				B5F6008B2C82B826006EBCFB /* CorrectAnswerView.swift in Sources */,
				C70904F52B96BC0500CAB49F /* ScottPilgrimQuizApp.swift in Sources */,
				B50F43F12CD87ECA006F4148 /* PrimaryButton.swift in Sources */,
				C79E2CE52B995ECD00E9395E /* LayoutMultiplier.swift in Sources */,
				B5B1600C2CD75B71002D3659 /* HighestScoresView.swift in Sources */,
				B50F43F72CD8A0A9006F4148 /* TimeIsUpView.swift in Sources */,
				B50F43EC2CD875A1006F4148 /* ScoresViewState.swift in Sources */,
				B5B160102CD7DC2F002D3659 /* ScoreService.swift in Sources */,
				C709050A2B96C97800CAB49F /* QuestionnaireViewModel.swift in Sources */,
				B5D47B492CC8463600AAC9EE /* TimerViewModel.swift in Sources */,
				B5B15FFD2CD73741002D3659 /* WrongAnswerView.swift in Sources */,
				B5BB9AA42CD574D8000C284C /* ErrorView.swift in Sources */,
				B5B160012CD73F96002D3659 /* LoadingView.swift in Sources */,
			);
			runOnlyForDeploymentPostprocessing = 0;
		};
/* End PBXSourcesBuildPhase section */

/* Begin XCBuildConfiguration section */
		C70904FD2B96BC0700CAB49F /* Debug */ = {
			isa = XCBuildConfiguration;
			buildSettings = {
				ALWAYS_SEARCH_USER_PATHS = NO;
				ASSETCATALOG_COMPILER_GENERATE_SWIFT_ASSET_SYMBOL_EXTENSIONS = YES;
				CLANG_ANALYZER_NONNULL = YES;
				CLANG_ANALYZER_NUMBER_OBJECT_CONVERSION = YES_AGGRESSIVE;
				CLANG_CXX_LANGUAGE_STANDARD = "gnu++20";
				CLANG_ENABLE_MODULES = YES;
				CLANG_ENABLE_OBJC_ARC = YES;
				CLANG_ENABLE_OBJC_WEAK = YES;
				CLANG_WARN_BLOCK_CAPTURE_AUTORELEASING = YES;
				CLANG_WARN_BOOL_CONVERSION = YES;
				CLANG_WARN_COMMA = YES;
				CLANG_WARN_CONSTANT_CONVERSION = YES;
				CLANG_WARN_DEPRECATED_OBJC_IMPLEMENTATIONS = YES;
				CLANG_WARN_DIRECT_OBJC_ISA_USAGE = YES_ERROR;
				CLANG_WARN_DOCUMENTATION_COMMENTS = YES;
				CLANG_WARN_EMPTY_BODY = YES;
				CLANG_WARN_ENUM_CONVERSION = YES;
				CLANG_WARN_INFINITE_RECURSION = YES;
				CLANG_WARN_INT_CONVERSION = YES;
				CLANG_WARN_NON_LITERAL_NULL_CONVERSION = YES;
				CLANG_WARN_OBJC_IMPLICIT_RETAIN_SELF = YES;
				CLANG_WARN_OBJC_LITERAL_CONVERSION = YES;
				CLANG_WARN_OBJC_ROOT_CLASS = YES_ERROR;
				CLANG_WARN_QUOTED_INCLUDE_IN_FRAMEWORK_HEADER = YES;
				CLANG_WARN_RANGE_LOOP_ANALYSIS = YES;
				CLANG_WARN_STRICT_PROTOTYPES = YES;
				CLANG_WARN_SUSPICIOUS_MOVE = YES;
				CLANG_WARN_UNGUARDED_AVAILABILITY = YES_AGGRESSIVE;
				CLANG_WARN_UNREACHABLE_CODE = YES;
				CLANG_WARN__DUPLICATE_METHOD_MATCH = YES;
				COPY_PHASE_STRIP = NO;
				DEBUG_INFORMATION_FORMAT = dwarf;
				ENABLE_STRICT_OBJC_MSGSEND = YES;
				ENABLE_TESTABILITY = YES;
				ENABLE_USER_SCRIPT_SANDBOXING = YES;
				GCC_C_LANGUAGE_STANDARD = gnu17;
				GCC_DYNAMIC_NO_PIC = NO;
				GCC_NO_COMMON_BLOCKS = YES;
				GCC_OPTIMIZATION_LEVEL = 0;
				GCC_PREPROCESSOR_DEFINITIONS = (
					"DEBUG=1",
					"$(inherited)",
				);
				GCC_WARN_64_TO_32_BIT_CONVERSION = YES;
				GCC_WARN_ABOUT_RETURN_TYPE = YES_ERROR;
				GCC_WARN_UNDECLARED_SELECTOR = YES;
				GCC_WARN_UNINITIALIZED_AUTOS = YES_AGGRESSIVE;
				GCC_WARN_UNUSED_FUNCTION = YES;
				GCC_WARN_UNUSED_VARIABLE = YES;
				IPHONEOS_DEPLOYMENT_TARGET = 16.0;
				LOCALIZATION_PREFERS_STRING_CATALOGS = YES;
				MTL_ENABLE_DEBUG_INFO = INCLUDE_SOURCE;
				MTL_FAST_MATH = YES;
				ONLY_ACTIVE_ARCH = YES;
				SDKROOT = iphoneos;
				SWIFT_ACTIVE_COMPILATION_CONDITIONS = "DEBUG $(inherited)";
				SWIFT_OPTIMIZATION_LEVEL = "-Onone";
			};
			name = Debug;
		};
		C70904FE2B96BC0700CAB49F /* Release */ = {
			isa = XCBuildConfiguration;
			buildSettings = {
				ALWAYS_SEARCH_USER_PATHS = NO;
				ASSETCATALOG_COMPILER_GENERATE_SWIFT_ASSET_SYMBOL_EXTENSIONS = YES;
				CLANG_ANALYZER_NONNULL = YES;
				CLANG_ANALYZER_NUMBER_OBJECT_CONVERSION = YES_AGGRESSIVE;
				CLANG_CXX_LANGUAGE_STANDARD = "gnu++20";
				CLANG_ENABLE_MODULES = YES;
				CLANG_ENABLE_OBJC_ARC = YES;
				CLANG_ENABLE_OBJC_WEAK = YES;
				CLANG_WARN_BLOCK_CAPTURE_AUTORELEASING = YES;
				CLANG_WARN_BOOL_CONVERSION = YES;
				CLANG_WARN_COMMA = YES;
				CLANG_WARN_CONSTANT_CONVERSION = YES;
				CLANG_WARN_DEPRECATED_OBJC_IMPLEMENTATIONS = YES;
				CLANG_WARN_DIRECT_OBJC_ISA_USAGE = YES_ERROR;
				CLANG_WARN_DOCUMENTATION_COMMENTS = YES;
				CLANG_WARN_EMPTY_BODY = YES;
				CLANG_WARN_ENUM_CONVERSION = YES;
				CLANG_WARN_INFINITE_RECURSION = YES;
				CLANG_WARN_INT_CONVERSION = YES;
				CLANG_WARN_NON_LITERAL_NULL_CONVERSION = YES;
				CLANG_WARN_OBJC_IMPLICIT_RETAIN_SELF = YES;
				CLANG_WARN_OBJC_LITERAL_CONVERSION = YES;
				CLANG_WARN_OBJC_ROOT_CLASS = YES_ERROR;
				CLANG_WARN_QUOTED_INCLUDE_IN_FRAMEWORK_HEADER = YES;
				CLANG_WARN_RANGE_LOOP_ANALYSIS = YES;
				CLANG_WARN_STRICT_PROTOTYPES = YES;
				CLANG_WARN_SUSPICIOUS_MOVE = YES;
				CLANG_WARN_UNGUARDED_AVAILABILITY = YES_AGGRESSIVE;
				CLANG_WARN_UNREACHABLE_CODE = YES;
				CLANG_WARN__DUPLICATE_METHOD_MATCH = YES;
				COPY_PHASE_STRIP = NO;
				DEBUG_INFORMATION_FORMAT = "dwarf-with-dsym";
				ENABLE_NS_ASSERTIONS = NO;
				ENABLE_STRICT_OBJC_MSGSEND = YES;
				ENABLE_USER_SCRIPT_SANDBOXING = YES;
				GCC_C_LANGUAGE_STANDARD = gnu17;
				GCC_NO_COMMON_BLOCKS = YES;
				GCC_WARN_64_TO_32_BIT_CONVERSION = YES;
				GCC_WARN_ABOUT_RETURN_TYPE = YES_ERROR;
				GCC_WARN_UNDECLARED_SELECTOR = YES;
				GCC_WARN_UNINITIALIZED_AUTOS = YES_AGGRESSIVE;
				GCC_WARN_UNUSED_FUNCTION = YES;
				GCC_WARN_UNUSED_VARIABLE = YES;
				IPHONEOS_DEPLOYMENT_TARGET = 16.0;
				LOCALIZATION_PREFERS_STRING_CATALOGS = YES;
				MTL_ENABLE_DEBUG_INFO = NO;
				MTL_FAST_MATH = YES;
				SDKROOT = iphoneos;
				SWIFT_COMPILATION_MODE = wholemodule;
				VALIDATE_PRODUCT = YES;
			};
			name = Release;
		};
		C70905002B96BC0700CAB49F /* Debug */ = {
			isa = XCBuildConfiguration;
			buildSettings = {
				ASSETCATALOG_COMPILER_APPICON_NAME = AppIcon;
				ASSETCATALOG_COMPILER_GLOBAL_ACCENT_COLOR_NAME = AccentColor;
				CODE_SIGN_STYLE = Automatic;
				CURRENT_PROJECT_VERSION = 1;
				DEVELOPMENT_ASSET_PATHS = "\"ScottPilgrimQuiz/Preview Content\"";
				DEVELOPMENT_TEAM = YM9992AM47;
				ENABLE_PREVIEWS = YES;
				GENERATE_INFOPLIST_FILE = YES;
				INFOPLIST_FILE = ScottPilgrimQuiz/Info.plist;
				INFOPLIST_KEY_UIApplicationSceneManifest_Generation = YES;
				INFOPLIST_KEY_UIApplicationSupportsIndirectInputEvents = YES;
				INFOPLIST_KEY_UILaunchScreen_Generation = YES;
				INFOPLIST_KEY_UISupportedInterfaceOrientations = UIInterfaceOrientationPortrait;
				INFOPLIST_KEY_UISupportedInterfaceOrientations_iPad = "UIInterfaceOrientationLandscapeLeft UIInterfaceOrientationLandscapeRight UIInterfaceOrientationPortrait UIInterfaceOrientationPortraitUpsideDown";
				IPHONEOS_DEPLOYMENT_TARGET = 16.0;
				LD_RUNPATH_SEARCH_PATHS = (
					"$(inherited)",
					"@executable_path/Frameworks",
				);
				MARKETING_VERSION = 1.0;
				PRODUCT_BUNDLE_IDENTIFIER = com.federicondeluca.ScottPilgrimQuiz;
				PRODUCT_NAME = "$(TARGET_NAME)";
				SUPPORTED_PLATFORMS = "iphoneos iphonesimulator";
				SUPPORTS_MACCATALYST = NO;
				SUPPORTS_MAC_DESIGNED_FOR_IPHONE_IPAD = NO;
				SUPPORTS_XR_DESIGNED_FOR_IPHONE_IPAD = NO;
				SWIFT_EMIT_LOC_STRINGS = YES;
				SWIFT_VERSION = 5.0;
				TARGETED_DEVICE_FAMILY = 1;
			};
			name = Debug;
		};
		C70905012B96BC0700CAB49F /* Release */ = {
			isa = XCBuildConfiguration;
			buildSettings = {
				ASSETCATALOG_COMPILER_APPICON_NAME = AppIcon;
				ASSETCATALOG_COMPILER_GLOBAL_ACCENT_COLOR_NAME = AccentColor;
				CODE_SIGN_STYLE = Automatic;
				CURRENT_PROJECT_VERSION = 1;
				DEVELOPMENT_ASSET_PATHS = "\"ScottPilgrimQuiz/Preview Content\"";
				DEVELOPMENT_TEAM = YM9992AM47;
				ENABLE_PREVIEWS = YES;
				GENERATE_INFOPLIST_FILE = YES;
				INFOPLIST_FILE = ScottPilgrimQuiz/Info.plist;
				INFOPLIST_KEY_UIApplicationSceneManifest_Generation = YES;
				INFOPLIST_KEY_UIApplicationSupportsIndirectInputEvents = YES;
				INFOPLIST_KEY_UILaunchScreen_Generation = YES;
				INFOPLIST_KEY_UISupportedInterfaceOrientations = UIInterfaceOrientationPortrait;
				INFOPLIST_KEY_UISupportedInterfaceOrientations_iPad = "UIInterfaceOrientationLandscapeLeft UIInterfaceOrientationLandscapeRight UIInterfaceOrientationPortrait UIInterfaceOrientationPortraitUpsideDown";
				IPHONEOS_DEPLOYMENT_TARGET = 16.0;
				LD_RUNPATH_SEARCH_PATHS = (
					"$(inherited)",
					"@executable_path/Frameworks",
				);
				MARKETING_VERSION = 1.0;
				PRODUCT_BUNDLE_IDENTIFIER = com.federicondeluca.ScottPilgrimQuiz;
				PRODUCT_NAME = "$(TARGET_NAME)";
				SUPPORTED_PLATFORMS = "iphoneos iphonesimulator";
				SUPPORTS_MACCATALYST = NO;
				SUPPORTS_MAC_DESIGNED_FOR_IPHONE_IPAD = NO;
				SUPPORTS_XR_DESIGNED_FOR_IPHONE_IPAD = NO;
				SWIFT_EMIT_LOC_STRINGS = YES;
				SWIFT_VERSION = 5.0;
				TARGETED_DEVICE_FAMILY = 1;
			};
			name = Release;
		};
/* End XCBuildConfiguration section */

/* Begin XCConfigurationList section */
		C70904EC2B96BC0500CAB49F /* Build configuration list for PBXProject "ScottPilgrimQuiz" */ = {
			isa = XCConfigurationList;
			buildConfigurations = (
				C70904FD2B96BC0700CAB49F /* Debug */,
				C70904FE2B96BC0700CAB49F /* Release */,
			);
			defaultConfigurationIsVisible = 0;
			defaultConfigurationName = Release;
		};
		C70904FF2B96BC0700CAB49F /* Build configuration list for PBXNativeTarget "ScottPilgrimQuiz" */ = {
			isa = XCConfigurationList;
			buildConfigurations = (
				C70905002B96BC0700CAB49F /* Debug */,
				C70905012B96BC0700CAB49F /* Release */,
			);
			defaultConfigurationIsVisible = 0;
			defaultConfigurationName = Release;
		};
/* End XCConfigurationList section */
	};
	rootObject = C70904E92B96BC0500CAB49F /* Project object */;
}
